// !$*UTF8*$!
{
	archiveVersion = 1;
	classes = {
	};
	objectVersion = 46;
	objects = {

/* Begin PBXBuildFile section */
		C53E000417CD556B00D6F119 /* background.png in Resources */ = {isa = PBXBuildFile; fileRef = C53E000217CD556B00D6F119 /* background.png */; };
		C53E000517CD556B00D6F119 /* background@2x.png in Resources */ = {isa = PBXBuildFile; fileRef = C53E000317CD556B00D6F119 /* background@2x.png */; };
		C53E000A17CD61AE00D6F119 /* PSBlock.m in Sources */ = {isa = PBXBuildFile; fileRef = C53E000917CD61AE00D6F119 /* PSBlock.m */; };
		C53E000D17CD62A800D6F119 /* PSGameConstants.m in Sources */ = {isa = PBXBuildFile; fileRef = C53E000C17CD62A800D6F119 /* PSGameConstants.m */; };
		C53E002417CD630A00D6F119 /* green-block.png in Resources */ = {isa = PBXBuildFile; fileRef = C53E000E17CD630A00D6F119 /* green-block.png */; };
		C53E002517CD630A00D6F119 /* green-block@2x.png in Resources */ = {isa = PBXBuildFile; fileRef = C53E000F17CD630A00D6F119 /* green-block@2x.png */; };
		C53E002617CD630A00D6F119 /* pink-block.png in Resources */ = {isa = PBXBuildFile; fileRef = C53E001017CD630A00D6F119 /* pink-block.png */; };
		C53E002717CD630A00D6F119 /* brown-block.png in Resources */ = {isa = PBXBuildFile; fileRef = C53E001117CD630A00D6F119 /* brown-block.png */; };
		C53E002817CD630A00D6F119 /* lightgreen-block.png in Resources */ = {isa = PBXBuildFile; fileRef = C53E001217CD630A00D6F119 /* lightgreen-block.png */; };
		C53E002917CD630A00D6F119 /* lightgreen-block@2x.png in Resources */ = {isa = PBXBuildFile; fileRef = C53E001317CD630A00D6F119 /* lightgreen-block@2x.png */; };
		C53E002A17CD630A00D6F119 /* brown-block@2x.png in Resources */ = {isa = PBXBuildFile; fileRef = C53E001417CD630A00D6F119 /* brown-block@2x.png */; };
		C53E002B17CD630A00D6F119 /* pink-block@2x.png in Resources */ = {isa = PBXBuildFile; fileRef = C53E001517CD630A00D6F119 /* pink-block@2x.png */; };
		C53E002C17CD630A00D6F119 /* lightblue-block.png in Resources */ = {isa = PBXBuildFile; fileRef = C53E001617CD630A00D6F119 /* lightblue-block.png */; };
		C53E002D17CD630A00D6F119 /* gray-block.png in Resources */ = {isa = PBXBuildFile; fileRef = C53E001717CD630A00D6F119 /* gray-block.png */; };
		C53E002E17CD630A00D6F119 /* gray-block@2x.png in Resources */ = {isa = PBXBuildFile; fileRef = C53E001817CD630A00D6F119 /* gray-block@2x.png */; };
		C53E002F17CD630A00D6F119 /* lightblue-block@2x.png in Resources */ = {isa = PBXBuildFile; fileRef = C53E001917CD630A00D6F119 /* lightblue-block@2x.png */; };
		C53E003017CD630A00D6F119 /* blue-block.png in Resources */ = {isa = PBXBuildFile; fileRef = C53E001A17CD630A00D6F119 /* blue-block.png */; };
		C53E003117CD630A00D6F119 /* blue-block@2x.png in Resources */ = {isa = PBXBuildFile; fileRef = C53E001B17CD630A00D6F119 /* blue-block@2x.png */; };
		C53E003217CD630A00D6F119 /* orange-block.png in Resources */ = {isa = PBXBuildFile; fileRef = C53E001C17CD630A00D6F119 /* orange-block.png */; };
		C53E003317CD630A00D6F119 /* orange-block@2x.png in Resources */ = {isa = PBXBuildFile; fileRef = C53E001D17CD630A00D6F119 /* orange-block@2x.png */; };
		C53E003417CD630A00D6F119 /* purple-block.png in Resources */ = {isa = PBXBuildFile; fileRef = C53E001E17CD630A00D6F119 /* purple-block.png */; };
		C53E003517CD630A00D6F119 /* purple-block@2x.png in Resources */ = {isa = PBXBuildFile; fileRef = C53E001F17CD630A00D6F119 /* purple-block@2x.png */; };
		C53E003617CD630A00D6F119 /* red-block.png in Resources */ = {isa = PBXBuildFile; fileRef = C53E002017CD630A00D6F119 /* red-block.png */; };
		C53E003717CD630A00D6F119 /* red-block@2x.png in Resources */ = {isa = PBXBuildFile; fileRef = C53E002117CD630A00D6F119 /* red-block@2x.png */; };
		C53E003817CD630A00D6F119 /* yellow-block.png in Resources */ = {isa = PBXBuildFile; fileRef = C53E002217CD630A00D6F119 /* yellow-block.png */; };
		C53E003917CD630A00D6F119 /* yellow-block@2x.png in Resources */ = {isa = PBXBuildFile; fileRef = C53E002317CD630A00D6F119 /* yellow-block@2x.png */; };
		C53E003D17CE0B2300D6F119 /* Level1.plist in Resources */ = {isa = PBXBuildFile; fileRef = C53E003C17CE0B2300D6F119 /* Level1.plist */; };
		C53EFFB917CD438900D6F119 /* Foundation.framework in Frameworks */ = {isa = PBXBuildFile; fileRef = C53EFFB817CD438900D6F119 /* Foundation.framework */; };
		C53EFFBB17CD438900D6F119 /* CoreGraphics.framework in Frameworks */ = {isa = PBXBuildFile; fileRef = C53EFFBA17CD438900D6F119 /* CoreGraphics.framework */; };
		C53EFFBD17CD438900D6F119 /* UIKit.framework in Frameworks */ = {isa = PBXBuildFile; fileRef = C53EFFBC17CD438900D6F119 /* UIKit.framework */; };
		C53EFFBF17CD438900D6F119 /* SpriteKit.framework in Frameworks */ = {isa = PBXBuildFile; fileRef = C53EFFBE17CD438900D6F119 /* SpriteKit.framework */; };
		C53EFFC517CD438900D6F119 /* InfoPlist.strings in Resources */ = {isa = PBXBuildFile; fileRef = C53EFFC317CD438900D6F119 /* InfoPlist.strings */; };
		C53EFFC717CD438900D6F119 /* main.m in Sources */ = {isa = PBXBuildFile; fileRef = C53EFFC617CD438900D6F119 /* main.m */; };
		C53EFFCB17CD438900D6F119 /* PSAppDelegate.m in Sources */ = {isa = PBXBuildFile; fileRef = C53EFFCA17CD438900D6F119 /* PSAppDelegate.m */; };
		C53EFFD117CD438900D6F119 /* PSViewController.m in Sources */ = {isa = PBXBuildFile; fileRef = C53EFFD017CD438900D6F119 /* PSViewController.m */; };
		C53EFFD817CD438900D6F119 /* Images.xcassets in Resources */ = {isa = PBXBuildFile; fileRef = C53EFFD717CD438900D6F119 /* Images.xcassets */; };
		C53EFFDF17CD438A00D6F119 /* XCTest.framework in Frameworks */ = {isa = PBXBuildFile; fileRef = C53EFFDE17CD438A00D6F119 /* XCTest.framework */; };
		C53EFFE017CD438A00D6F119 /* Foundation.framework in Frameworks */ = {isa = PBXBuildFile; fileRef = C53EFFB817CD438900D6F119 /* Foundation.framework */; };
		C53EFFE117CD438A00D6F119 /* UIKit.framework in Frameworks */ = {isa = PBXBuildFile; fileRef = C53EFFBC17CD438900D6F119 /* UIKit.framework */; };
		C53EFFE917CD438A00D6F119 /* InfoPlist.strings in Resources */ = {isa = PBXBuildFile; fileRef = C53EFFE717CD438A00D6F119 /* InfoPlist.strings */; };
		C53EFFEB17CD438A00D6F119 /* PrismSmashTests.m in Sources */ = {isa = PBXBuildFile; fileRef = C53EFFEA17CD438A00D6F119 /* PrismSmashTests.m */; };
		C53EFFF617CD500900D6F119 /* PSGameScene.m in Sources */ = {isa = PBXBuildFile; fileRef = C53EFFF517CD500900D6F119 /* PSGameScene.m */; };
		C53EFFF917CD501800D6F119 /* PSGameOverScene.m in Sources */ = {isa = PBXBuildFile; fileRef = C53EFFF817CD501800D6F119 /* PSGameOverScene.m */; };
		C53EFFFD17CD527300D6F119 /* PSGameBoard.m in Sources */ = {isa = PBXBuildFile; fileRef = C53EFFFC17CD527300D6F119 /* PSGameBoard.m */; };
/* End PBXBuildFile section */

/* Begin PBXContainerItemProxy section */
		C53EFFE217CD438A00D6F119 /* PBXContainerItemProxy */ = {
			isa = PBXContainerItemProxy;
			containerPortal = C53EFFAD17CD438900D6F119 /* Project object */;
			proxyType = 1;
			remoteGlobalIDString = C53EFFB417CD438900D6F119;
			remoteInfo = PrismSmash;
		};
/* End PBXContainerItemProxy section */

/* Begin PBXFileReference section */
		C53E000217CD556B00D6F119 /* background.png */ = {isa = PBXFileReference; lastKnownFileType = image.png; name = background.png; path = ../background.png; sourceTree = "<group>"; };
		C53E000317CD556B00D6F119 /* background@2x.png */ = {isa = PBXFileReference; lastKnownFileType = image.png; name = "background@2x.png"; path = "../background@2x.png"; sourceTree = "<group>"; };
		C53E000817CD61AE00D6F119 /* PSBlock.h */ = {isa = PBXFileReference; fileEncoding = 4; lastKnownFileType = sourcecode.c.h; path = PSBlock.h; sourceTree = "<group>"; };
		C53E000917CD61AE00D6F119 /* PSBlock.m */ = {isa = PBXFileReference; fileEncoding = 4; lastKnownFileType = sourcecode.c.objc; path = PSBlock.m; sourceTree = "<group>"; };
		C53E000B17CD62A800D6F119 /* PSGameConstants.h */ = {isa = PBXFileReference; fileEncoding = 4; lastKnownFileType = sourcecode.c.h; path = PSGameConstants.h; sourceTree = "<group>"; };
		C53E000C17CD62A800D6F119 /* PSGameConstants.m */ = {isa = PBXFileReference; fileEncoding = 4; lastKnownFileType = sourcecode.c.objc; path = PSGameConstants.m; sourceTree = "<group>"; };
		C53E000E17CD630A00D6F119 /* green-block.png */ = {isa = PBXFileReference; lastKnownFileType = image.png; path = "green-block.png"; sourceTree = "<group>"; };
		C53E000F17CD630A00D6F119 /* green-block@2x.png */ = {isa = PBXFileReference; lastKnownFileType = image.png; path = "green-block@2x.png"; sourceTree = "<group>"; };
		C53E001017CD630A00D6F119 /* pink-block.png */ = {isa = PBXFileReference; lastKnownFileType = image.png; path = "pink-block.png"; sourceTree = "<group>"; };
		C53E001117CD630A00D6F119 /* brown-block.png */ = {isa = PBXFileReference; lastKnownFileType = image.png; path = "brown-block.png"; sourceTree = "<group>"; };
		C53E001217CD630A00D6F119 /* lightgreen-block.png */ = {isa = PBXFileReference; lastKnownFileType = image.png; path = "lightgreen-block.png"; sourceTree = "<group>"; };
		C53E001317CD630A00D6F119 /* lightgreen-block@2x.png */ = {isa = PBXFileReference; lastKnownFileType = image.png; path = "lightgreen-block@2x.png"; sourceTree = "<group>"; };
		C53E001417CD630A00D6F119 /* brown-block@2x.png */ = {isa = PBXFileReference; lastKnownFileType = image.png; path = "brown-block@2x.png"; sourceTree = "<group>"; };
		C53E001517CD630A00D6F119 /* pink-block@2x.png */ = {isa = PBXFileReference; lastKnownFileType = image.png; path = "pink-block@2x.png"; sourceTree = "<group>"; };
		C53E001617CD630A00D6F119 /* lightblue-block.png */ = {isa = PBXFileReference; lastKnownFileType = image.png; path = "lightblue-block.png"; sourceTree = "<group>"; };
		C53E001717CD630A00D6F119 /* gray-block.png */ = {isa = PBXFileReference; lastKnownFileType = image.png; path = "gray-block.png"; sourceTree = "<group>"; };
		C53E001817CD630A00D6F119 /* gray-block@2x.png */ = {isa = PBXFileReference; lastKnownFileType = image.png; path = "gray-block@2x.png"; sourceTree = "<group>"; };
		C53E001917CD630A00D6F119 /* lightblue-block@2x.png */ = {isa = PBXFileReference; lastKnownFileType = image.png; path = "lightblue-block@2x.png"; sourceTree = "<group>"; };
		C53E001A17CD630A00D6F119 /* blue-block.png */ = {isa = PBXFileReference; lastKnownFileType = image.png; path = "blue-block.png"; sourceTree = "<group>"; };
		C53E001B17CD630A00D6F119 /* blue-block@2x.png */ = {isa = PBXFileReference; lastKnownFileType = image.png; path = "blue-block@2x.png"; sourceTree = "<group>"; };
		C53E001C17CD630A00D6F119 /* orange-block.png */ = {isa = PBXFileReference; lastKnownFileType = image.png; path = "orange-block.png"; sourceTree = "<group>"; };
		C53E001D17CD630A00D6F119 /* orange-block@2x.png */ = {isa = PBXFileReference; lastKnownFileType = image.png; path = "orange-block@2x.png"; sourceTree = "<group>"; };
		C53E001E17CD630A00D6F119 /* purple-block.png */ = {isa = PBXFileReference; lastKnownFileType = image.png; path = "purple-block.png"; sourceTree = "<group>"; };
		C53E001F17CD630A00D6F119 /* purple-block@2x.png */ = {isa = PBXFileReference; lastKnownFileType = image.png; path = "purple-block@2x.png"; sourceTree = "<group>"; };
		C53E002017CD630A00D6F119 /* red-block.png */ = {isa = PBXFileReference; lastKnownFileType = image.png; path = "red-block.png"; sourceTree = "<group>"; };
		C53E002117CD630A00D6F119 /* red-block@2x.png */ = {isa = PBXFileReference; lastKnownFileType = image.png; path = "red-block@2x.png"; sourceTree = "<group>"; };
		C53E002217CD630A00D6F119 /* yellow-block.png */ = {isa = PBXFileReference; lastKnownFileType = image.png; path = "yellow-block.png"; sourceTree = "<group>"; };
		C53E002317CD630A00D6F119 /* yellow-block@2x.png */ = {isa = PBXFileReference; lastKnownFileType = image.png; path = "yellow-block@2x.png"; sourceTree = "<group>"; };
		C53E003C17CE0B2300D6F119 /* Level1.plist */ = {isa = PBXFileReference; fileEncoding = 4; lastKnownFileType = text.plist.xml; name = Level1.plist; path = "Level Data/Level1.plist"; sourceTree = "<group>"; };
		C53EFFB517CD438900D6F119 /* PrismSmash.app */ = {isa = PBXFileReference; explicitFileType = wrapper.application; includeInIndex = 0; path = PrismSmash.app; sourceTree = BUILT_PRODUCTS_DIR; };
		C53EFFB817CD438900D6F119 /* Foundation.framework */ = {isa = PBXFileReference; lastKnownFileType = wrapper.framework; name = Foundation.framework; path = System/Library/Frameworks/Foundation.framework; sourceTree = SDKROOT; };
		C53EFFBA17CD438900D6F119 /* CoreGraphics.framework */ = {isa = PBXFileReference; lastKnownFileType = wrapper.framework; name = CoreGraphics.framework; path = System/Library/Frameworks/CoreGraphics.framework; sourceTree = SDKROOT; };
		C53EFFBC17CD438900D6F119 /* UIKit.framework */ = {isa = PBXFileReference; lastKnownFileType = wrapper.framework; name = UIKit.framework; path = System/Library/Frameworks/UIKit.framework; sourceTree = SDKROOT; };
		C53EFFBE17CD438900D6F119 /* SpriteKit.framework */ = {isa = PBXFileReference; lastKnownFileType = wrapper.framework; name = SpriteKit.framework; path = System/Library/Frameworks/SpriteKit.framework; sourceTree = SDKROOT; };
		C53EFFC217CD438900D6F119 /* PrismSmash-Info.plist */ = {isa = PBXFileReference; lastKnownFileType = text.plist.xml; path = "PrismSmash-Info.plist"; sourceTree = "<group>"; };
		C53EFFC417CD438900D6F119 /* en */ = {isa = PBXFileReference; lastKnownFileType = text.plist.strings; name = en; path = en.lproj/InfoPlist.strings; sourceTree = "<group>"; };
		C53EFFC617CD438900D6F119 /* main.m */ = {isa = PBXFileReference; lastKnownFileType = sourcecode.c.objc; path = main.m; sourceTree = "<group>"; };
		C53EFFC817CD438900D6F119 /* PrismSmash-Prefix.pch */ = {isa = PBXFileReference; lastKnownFileType = sourcecode.c.h; path = "PrismSmash-Prefix.pch"; sourceTree = "<group>"; };
		C53EFFC917CD438900D6F119 /* PSAppDelegate.h */ = {isa = PBXFileReference; lastKnownFileType = sourcecode.c.h; path = PSAppDelegate.h; sourceTree = "<group>"; };
		C53EFFCA17CD438900D6F119 /* PSAppDelegate.m */ = {isa = PBXFileReference; lastKnownFileType = sourcecode.c.objc; path = PSAppDelegate.m; sourceTree = "<group>"; };
		C53EFFCF17CD438900D6F119 /* PSViewController.h */ = {isa = PBXFileReference; lastKnownFileType = sourcecode.c.h; path = PSViewController.h; sourceTree = "<group>"; };
		C53EFFD017CD438900D6F119 /* PSViewController.m */ = {isa = PBXFileReference; lastKnownFileType = sourcecode.c.objc; path = PSViewController.m; sourceTree = "<group>"; };
		C53EFFD717CD438900D6F119 /* Images.xcassets */ = {isa = PBXFileReference; lastKnownFileType = folder.assetcatalog; path = Images.xcassets; sourceTree = "<group>"; };
		C53EFFDD17CD438A00D6F119 /* PrismSmashTests.xctest */ = {isa = PBXFileReference; explicitFileType = wrapper.cfbundle; includeInIndex = 0; path = PrismSmashTests.xctest; sourceTree = BUILT_PRODUCTS_DIR; };
		C53EFFDE17CD438A00D6F119 /* XCTest.framework */ = {isa = PBXFileReference; lastKnownFileType = wrapper.framework; name = XCTest.framework; path = Library/Frameworks/XCTest.framework; sourceTree = DEVELOPER_DIR; };
		C53EFFE617CD438A00D6F119 /* PrismSmashTests-Info.plist */ = {isa = PBXFileReference; lastKnownFileType = text.plist.xml; path = "PrismSmashTests-Info.plist"; sourceTree = "<group>"; };
		C53EFFE817CD438A00D6F119 /* en */ = {isa = PBXFileReference; lastKnownFileType = text.plist.strings; name = en; path = en.lproj/InfoPlist.strings; sourceTree = "<group>"; };
		C53EFFEA17CD438A00D6F119 /* PrismSmashTests.m */ = {isa = PBXFileReference; lastKnownFileType = sourcecode.c.objc; path = PrismSmashTests.m; sourceTree = "<group>"; };
		C53EFFF417CD500900D6F119 /* PSGameScene.h */ = {isa = PBXFileReference; fileEncoding = 4; lastKnownFileType = sourcecode.c.h; name = PSGameScene.h; path = Scenes/PSGameScene.h; sourceTree = "<group>"; };
		C53EFFF517CD500900D6F119 /* PSGameScene.m */ = {isa = PBXFileReference; fileEncoding = 4; lastKnownFileType = sourcecode.c.objc; name = PSGameScene.m; path = Scenes/PSGameScene.m; sourceTree = "<group>"; };
		C53EFFF717CD501800D6F119 /* PSGameOverScene.h */ = {isa = PBXFileReference; fileEncoding = 4; lastKnownFileType = sourcecode.c.h; name = PSGameOverScene.h; path = Scenes/PSGameOverScene.h; sourceTree = "<group>"; };
		C53EFFF817CD501800D6F119 /* PSGameOverScene.m */ = {isa = PBXFileReference; fileEncoding = 4; lastKnownFileType = sourcecode.c.objc; name = PSGameOverScene.m; path = Scenes/PSGameOverScene.m; sourceTree = "<group>"; };
		C53EFFFB17CD527300D6F119 /* PSGameBoard.h */ = {isa = PBXFileReference; fileEncoding = 4; lastKnownFileType = sourcecode.c.h; path = PSGameBoard.h; sourceTree = "<group>"; };
		C53EFFFC17CD527300D6F119 /* PSGameBoard.m */ = {isa = PBXFileReference; fileEncoding = 4; lastKnownFileType = sourcecode.c.objc; path = PSGameBoard.m; sourceTree = "<group>"; };
/* End PBXFileReference section */

/* Begin PBXFrameworksBuildPhase section */
		C53EFFB217CD438900D6F119 /* Frameworks */ = {
			isa = PBXFrameworksBuildPhase;
			buildActionMask = 2147483647;
			files = (
				C53EFFBB17CD438900D6F119 /* CoreGraphics.framework in Frameworks */,
				C53EFFBD17CD438900D6F119 /* UIKit.framework in Frameworks */,
				C53EFFBF17CD438900D6F119 /* SpriteKit.framework in Frameworks */,
				C53EFFB917CD438900D6F119 /* Foundation.framework in Frameworks */,
			);
			runOnlyForDeploymentPostprocessing = 0;
		};
		C53EFFDA17CD438A00D6F119 /* Frameworks */ = {
			isa = PBXFrameworksBuildPhase;
			buildActionMask = 2147483647;
			files = (
				C53EFFDF17CD438A00D6F119 /* XCTest.framework in Frameworks */,
				C53EFFE117CD438A00D6F119 /* UIKit.framework in Frameworks */,
				C53EFFE017CD438A00D6F119 /* Foundation.framework in Frameworks */,
			);
			runOnlyForDeploymentPostprocessing = 0;
		};
/* End PBXFrameworksBuildPhase section */

/* Begin PBXGroup section */
		C53E000617CD557100D6F119 /* Resources */ = {
			isa = PBXGroup;
			children = (
				C53E003B17CE0B0500D6F119 /* Level Data */,
				C53E000717CD557900D6F119 /* Images */,
			);
			name = Resources;
			sourceTree = "<group>";
		};
		C53E000717CD557900D6F119 /* Images */ = {
			isa = PBXGroup;
			children = (
				C53E003A17CD633400D6F119 /* Blocks */,
				C53E000217CD556B00D6F119 /* background.png */,
				C53E000317CD556B00D6F119 /* background@2x.png */,
			);
			name = Images;
			sourceTree = "<group>";
		};
		C53E003A17CD633400D6F119 /* Blocks */ = {
			isa = PBXGroup;
			children = (
				C53E000E17CD630A00D6F119 /* green-block.png */,
				C53E000F17CD630A00D6F119 /* green-block@2x.png */,
				C53E001017CD630A00D6F119 /* pink-block.png */,
				C53E001117CD630A00D6F119 /* brown-block.png */,
				C53E001217CD630A00D6F119 /* lightgreen-block.png */,
				C53E001317CD630A00D6F119 /* lightgreen-block@2x.png */,
				C53E001417CD630A00D6F119 /* brown-block@2x.png */,
				C53E001517CD630A00D6F119 /* pink-block@2x.png */,
				C53E001617CD630A00D6F119 /* lightblue-block.png */,
				C53E001717CD630A00D6F119 /* gray-block.png */,
				C53E001817CD630A00D6F119 /* gray-block@2x.png */,
				C53E001917CD630A00D6F119 /* lightblue-block@2x.png */,
				C53E001A17CD630A00D6F119 /* blue-block.png */,
				C53E001B17CD630A00D6F119 /* blue-block@2x.png */,
				C53E001C17CD630A00D6F119 /* orange-block.png */,
				C53E001D17CD630A00D6F119 /* orange-block@2x.png */,
				C53E001E17CD630A00D6F119 /* purple-block.png */,
				C53E001F17CD630A00D6F119 /* purple-block@2x.png */,
				C53E002017CD630A00D6F119 /* red-block.png */,
				C53E002117CD630A00D6F119 /* red-block@2x.png */,
				C53E002217CD630A00D6F119 /* yellow-block.png */,
				C53E002317CD630A00D6F119 /* yellow-block@2x.png */,
			);
			name = Blocks;
			sourceTree = "<group>";
		};
		C53E003B17CE0B0500D6F119 /* Level Data */ = {
			isa = PBXGroup;
			children = (
				C53E003C17CE0B2300D6F119 /* Level1.plist */,
			);
			name = "Level Data";
			sourceTree = "<group>";
		};
		C53EFFAC17CD438900D6F119 = {
			isa = PBXGroup;
			children = (
				C53EFFC017CD438900D6F119 /* PrismSmash */,
				C53EFFE417CD438A00D6F119 /* PrismSmashTests */,
				C53EFFB717CD438900D6F119 /* Frameworks */,
				C53EFFB617CD438900D6F119 /* Products */,
			);
			sourceTree = "<group>";
		};
		C53EFFB617CD438900D6F119 /* Products */ = {
			isa = PBXGroup;
			children = (
				C53EFFB517CD438900D6F119 /* PrismSmash.app */,
				C53EFFDD17CD438A00D6F119 /* PrismSmashTests.xctest */,
			);
			name = Products;
			sourceTree = "<group>";
		};
		C53EFFB717CD438900D6F119 /* Frameworks */ = {
			isa = PBXGroup;
			children = (
				C53EFFB817CD438900D6F119 /* Foundation.framework */,
				C53EFFBA17CD438900D6F119 /* CoreGraphics.framework */,
				C53EFFBC17CD438900D6F119 /* UIKit.framework */,
				C53EFFBE17CD438900D6F119 /* SpriteKit.framework */,
				C53EFFDE17CD438A00D6F119 /* XCTest.framework */,
			);
			name = Frameworks;
			sourceTree = "<group>";
		};
		C53EFFC017CD438900D6F119 /* PrismSmash */ = {
			isa = PBXGroup;
			children = (
				C53EFFC917CD438900D6F119 /* PSAppDelegate.h */,
				C53EFFCA17CD438900D6F119 /* PSAppDelegate.m */,
				C53EFFCF17CD438900D6F119 /* PSViewController.h */,
				C53EFFD017CD438900D6F119 /* PSViewController.m */,
				C53E000817CD61AE00D6F119 /* PSBlock.h */,
				C53E000917CD61AE00D6F119 /* PSBlock.m */,
				C53EFFFB17CD527300D6F119 /* PSGameBoard.h */,
				C53EFFFC17CD527300D6F119 /* PSGameBoard.m */,
				C53EFFFA17CD519600D6F119 /* Scenes */,
				C53EFFD717CD438900D6F119 /* Images.xcassets */,
				C53E000B17CD62A800D6F119 /* PSGameConstants.h */,
				C53E000C17CD62A800D6F119 /* PSGameConstants.m */,
				C53E000617CD557100D6F119 /* Resources */,
				C53EFFC117CD438900D6F119 /* Supporting Files */,
			);
			path = PrismSmash;
			sourceTree = "<group>";
		};
		C53EFFC117CD438900D6F119 /* Supporting Files */ = {
			isa = PBXGroup;
			children = (
				C53EFFC217CD438900D6F119 /* PrismSmash-Info.plist */,
				C53EFFC317CD438900D6F119 /* InfoPlist.strings */,
				C53EFFC617CD438900D6F119 /* main.m */,
				C53EFFC817CD438900D6F119 /* PrismSmash-Prefix.pch */,
			);
			name = "Supporting Files";
			sourceTree = "<group>";
		};
		C53EFFE417CD438A00D6F119 /* PrismSmashTests */ = {
			isa = PBXGroup;
			children = (
				C53EFFEA17CD438A00D6F119 /* PrismSmashTests.m */,
				C53EFFE517CD438A00D6F119 /* Supporting Files */,
			);
			path = PrismSmashTests;
			sourceTree = "<group>";
		};
		C53EFFE517CD438A00D6F119 /* Supporting Files */ = {
			isa = PBXGroup;
			children = (
				C53EFFE617CD438A00D6F119 /* PrismSmashTests-Info.plist */,
				C53EFFE717CD438A00D6F119 /* InfoPlist.strings */,
			);
			name = "Supporting Files";
			sourceTree = "<group>";
		};
		C53EFFFA17CD519600D6F119 /* Scenes */ = {
			isa = PBXGroup;
			children = (
				C53EFFF417CD500900D6F119 /* PSGameScene.h */,
				C53EFFF517CD500900D6F119 /* PSGameScene.m */,
				C53EFFF717CD501800D6F119 /* PSGameOverScene.h */,
				C53EFFF817CD501800D6F119 /* PSGameOverScene.m */,
			);
			name = Scenes;
			sourceTree = "<group>";
		};
/* End PBXGroup section */

/* Begin PBXNativeTarget section */
		C53EFFB417CD438900D6F119 /* PrismSmash */ = {
			isa = PBXNativeTarget;
			buildConfigurationList = C53EFFEE17CD438A00D6F119 /* Build configuration list for PBXNativeTarget "PrismSmash" */;
			buildPhases = (
				C53EFFB117CD438900D6F119 /* Sources */,
				C53EFFB217CD438900D6F119 /* Frameworks */,
				C53EFFB317CD438900D6F119 /* Resources */,
			);
			buildRules = (
			);
			dependencies = (
			);
			name = PrismSmash;
			productName = PrismSmash;
			productReference = C53EFFB517CD438900D6F119 /* PrismSmash.app */;
			productType = "com.apple.product-type.application";
		};
		C53EFFDC17CD438A00D6F119 /* PrismSmashTests */ = {
			isa = PBXNativeTarget;
			buildConfigurationList = C53EFFF117CD438A00D6F119 /* Build configuration list for PBXNativeTarget "PrismSmashTests" */;
			buildPhases = (
				C53EFFD917CD438A00D6F119 /* Sources */,
				C53EFFDA17CD438A00D6F119 /* Frameworks */,
				C53EFFDB17CD438A00D6F119 /* Resources */,
			);
			buildRules = (
			);
			dependencies = (
				C53EFFE317CD438A00D6F119 /* PBXTargetDependency */,
			);
			name = PrismSmashTests;
			productName = PrismSmashTests;
			productReference = C53EFFDD17CD438A00D6F119 /* PrismSmashTests.xctest */;
			productType = "com.apple.product-type.bundle.unit-test";
		};
/* End PBXNativeTarget section */

/* Begin PBXProject section */
		C53EFFAD17CD438900D6F119 /* Project object */ = {
			isa = PBXProject;
			attributes = {
				CLASSPREFIX = PS;
				LastUpgradeCheck = 0500;
				ORGANIZATIONNAME = "Ryan Detzel";
				TargetAttributes = {
					C53EFFDC17CD438A00D6F119 = {
						TestTargetID = C53EFFB417CD438900D6F119;
					};
				};
			};
			buildConfigurationList = C53EFFB017CD438900D6F119 /* Build configuration list for PBXProject "PrismSmash" */;
			compatibilityVersion = "Xcode 3.2";
			developmentRegion = English;
			hasScannedForEncodings = 0;
			knownRegions = (
				en,
				Base,
			);
			mainGroup = C53EFFAC17CD438900D6F119;
			productRefGroup = C53EFFB617CD438900D6F119 /* Products */;
			projectDirPath = "";
			projectRoot = "";
			targets = (
				C53EFFB417CD438900D6F119 /* PrismSmash */,
				C53EFFDC17CD438A00D6F119 /* PrismSmashTests */,
			);
		};
/* End PBXProject section */

/* Begin PBXResourcesBuildPhase section */
		C53EFFB317CD438900D6F119 /* Resources */ = {
			isa = PBXResourcesBuildPhase;
			buildActionMask = 2147483647;
			files = (
				C53E003717CD630A00D6F119 /* red-block@2x.png in Resources */,
				C53E003017CD630A00D6F119 /* blue-block.png in Resources */,
				C53E003917CD630A00D6F119 /* yellow-block@2x.png in Resources */,
				C53E003417CD630A00D6F119 /* purple-block.png in Resources */,
				C53E002C17CD630A00D6F119 /* lightblue-block.png in Resources */,
				C53E003217CD630A00D6F119 /* orange-block.png in Resources */,
				C53E003117CD630A00D6F119 /* blue-block@2x.png in Resources */,
				C53E003317CD630A00D6F119 /* orange-block@2x.png in Resources */,
				C53E002B17CD630A00D6F119 /* pink-block@2x.png in Resources */,
				C53E002817CD630A00D6F119 /* lightgreen-block.png in Resources */,
				C53E002617CD630A00D6F119 /* pink-block.png in Resources */,
				C53E002517CD630A00D6F119 /* green-block@2x.png in Resources */,
				C53E002717CD630A00D6F119 /* brown-block.png in Resources */,
				C53EFFC517CD438900D6F119 /* InfoPlist.strings in Resources */,
				C53E002A17CD630A00D6F119 /* brown-block@2x.png in Resources */,
				C53E002917CD630A00D6F119 /* lightgreen-block@2x.png in Resources */,
				C53E003517CD630A00D6F119 /* purple-block@2x.png in Resources */,
				C53E003D17CE0B2300D6F119 /* Level1.plist in Resources */,
				C53E002E17CD630A00D6F119 /* gray-block@2x.png in Resources */,
				C53E000417CD556B00D6F119 /* background.png in Resources */,
				C53E002F17CD630A00D6F119 /* lightblue-block@2x.png in Resources */,
				C53E000517CD556B00D6F119 /* background@2x.png in Resources */,
				C53E003617CD630A00D6F119 /* red-block.png in Resources */,
				C53E002417CD630A00D6F119 /* green-block.png in Resources */,
				C53E003817CD630A00D6F119 /* yellow-block.png in Resources */,
				C53E002D17CD630A00D6F119 /* gray-block.png in Resources */,
				C53EFFD817CD438900D6F119 /* Images.xcassets in Resources */,
			);
			runOnlyForDeploymentPostprocessing = 0;
		};
		C53EFFDB17CD438A00D6F119 /* Resources */ = {
			isa = PBXResourcesBuildPhase;
			buildActionMask = 2147483647;
			files = (
				C53EFFE917CD438A00D6F119 /* InfoPlist.strings in Resources */,
			);
			runOnlyForDeploymentPostprocessing = 0;
		};
/* End PBXResourcesBuildPhase section */

/* Begin PBXSourcesBuildPhase section */
		C53EFFB117CD438900D6F119 /* Sources */ = {
			isa = PBXSourcesBuildPhase;
			buildActionMask = 2147483647;
			files = (
				C53EFFF917CD501800D6F119 /* PSGameOverScene.m in Sources */,
				C53EFFC717CD438900D6F119 /* main.m in Sources */,
				C53EFFD117CD438900D6F119 /* PSViewController.m in Sources */,
				C53EFFFD17CD527300D6F119 /* PSGameBoard.m in Sources */,
				C53EFFCB17CD438900D6F119 /* PSAppDelegate.m in Sources */,
				C53EFFF617CD500900D6F119 /* PSGameScene.m in Sources */,
				C53E000D17CD62A800D6F119 /* PSGameConstants.m in Sources */,
				C53E000A17CD61AE00D6F119 /* PSBlock.m in Sources */,
			);
			runOnlyForDeploymentPostprocessing = 0;
		};
		C53EFFD917CD438A00D6F119 /* Sources */ = {
			isa = PBXSourcesBuildPhase;
			buildActionMask = 2147483647;
			files = (
				C53EFFEB17CD438A00D6F119 /* PrismSmashTests.m in Sources */,
			);
			runOnlyForDeploymentPostprocessing = 0;
		};
/* End PBXSourcesBuildPhase section */

/* Begin PBXTargetDependency section */
		C53EFFE317CD438A00D6F119 /* PBXTargetDependency */ = {
			isa = PBXTargetDependency;
			target = C53EFFB417CD438900D6F119 /* PrismSmash */;
			targetProxy = C53EFFE217CD438A00D6F119 /* PBXContainerItemProxy */;
		};
/* End PBXTargetDependency section */

/* Begin PBXVariantGroup section */
		C53EFFC317CD438900D6F119 /* InfoPlist.strings */ = {
			isa = PBXVariantGroup;
			children = (
				C53EFFC417CD438900D6F119 /* en */,
			);
			name = InfoPlist.strings;
			sourceTree = "<group>";
		};
		C53EFFE717CD438A00D6F119 /* InfoPlist.strings */ = {
			isa = PBXVariantGroup;
			children = (
				C53EFFE817CD438A00D6F119 /* en */,
			);
			name = InfoPlist.strings;
			sourceTree = "<group>";
		};
/* End PBXVariantGroup section */

/* Begin XCBuildConfiguration section */
		C53EFFEC17CD438A00D6F119 /* Debug */ = {
			isa = XCBuildConfiguration;
			buildSettings = {
				ALWAYS_SEARCH_USER_PATHS = NO;
				CLANG_CXX_LANGUAGE_STANDARD = "gnu++0x";
				CLANG_CXX_LIBRARY = "libc++";
				CLANG_ENABLE_MODULES = YES;
				CLANG_ENABLE_OBJC_ARC = YES;
				CLANG_WARN_BOOL_CONVERSION = YES;
				CLANG_WARN_CONSTANT_CONVERSION = YES;
				CLANG_WARN_DIRECT_OBJC_ISA_USAGE = YES_ERROR;
				CLANG_WARN_EMPTY_BODY = YES;
				CLANG_WARN_ENUM_CONVERSION = YES;
				CLANG_WARN_INT_CONVERSION = YES;
				CLANG_WARN_OBJC_ROOT_CLASS = YES_ERROR;
				CLANG_WARN__DUPLICATE_METHOD_MATCH = YES;
				"CODE_SIGN_IDENTITY[sdk=iphoneos*]" = "iPhone Developer";
				COPY_PHASE_STRIP = NO;
				GCC_C_LANGUAGE_STANDARD = gnu99;
				GCC_DYNAMIC_NO_PIC = NO;
				GCC_OPTIMIZATION_LEVEL = 0;
				GCC_PREPROCESSOR_DEFINITIONS = (
					"DEBUG=1",
					"$(inherited)",
				);
				GCC_SYMBOLS_PRIVATE_EXTERN = NO;
				GCC_WARN_ABOUT_RETURN_TYPE = YES_ERROR;
				GCC_WARN_UNDECLARED_SELECTOR = YES;
				GCC_WARN_UNINITIALIZED_AUTOS = YES;
				GCC_WARN_UNUSED_FUNCTION = YES;
				GCC_WARN_UNUSED_VARIABLE = YES;
				IPHONEOS_DEPLOYMENT_TARGET = 7.0;
				ONLY_ACTIVE_ARCH = YES;
				SDKROOT = iphoneos;
			};
			name = Debug;
		};
		C53EFFED17CD438A00D6F119 /* Release */ = {
			isa = XCBuildConfiguration;
			buildSettings = {
				ALWAYS_SEARCH_USER_PATHS = NO;
				CLANG_CXX_LANGUAGE_STANDARD = "gnu++0x";
				CLANG_CXX_LIBRARY = "libc++";
				CLANG_ENABLE_MODULES = YES;
				CLANG_ENABLE_OBJC_ARC = YES;
				CLANG_WARN_BOOL_CONVERSION = YES;
				CLANG_WARN_CONSTANT_CONVERSION = YES;
				CLANG_WARN_DIRECT_OBJC_ISA_USAGE = YES_ERROR;
				CLANG_WARN_EMPTY_BODY = YES;
				CLANG_WARN_ENUM_CONVERSION = YES;
				CLANG_WARN_INT_CONVERSION = YES;
				CLANG_WARN_OBJC_ROOT_CLASS = YES_ERROR;
				CLANG_WARN__DUPLICATE_METHOD_MATCH = YES;
				"CODE_SIGN_IDENTITY[sdk=iphoneos*]" = "iPhone Developer";
				COPY_PHASE_STRIP = YES;
				ENABLE_NS_ASSERTIONS = NO;
				GCC_C_LANGUAGE_STANDARD = gnu99;
				GCC_WARN_ABOUT_RETURN_TYPE = YES_ERROR;
				GCC_WARN_UNDECLARED_SELECTOR = YES;
				GCC_WARN_UNINITIALIZED_AUTOS = YES;
				GCC_WARN_UNUSED_FUNCTION = YES;
				GCC_WARN_UNUSED_VARIABLE = YES;
				IPHONEOS_DEPLOYMENT_TARGET = 7.0;
				SDKROOT = iphoneos;
				VALIDATE_PRODUCT = YES;
			};
			name = Release;
		};
		C53EFFEF17CD438A00D6F119 /* Debug */ = {
			isa = XCBuildConfiguration;
			buildSettings = {
				ASSETCATALOG_COMPILER_APPICON_NAME = AppIcon;
				ASSETCATALOG_COMPILER_LAUNCHIMAGE_NAME = LaunchImage;
				GCC_PRECOMPILE_PREFIX_HEADER = YES;
				GCC_PREFIX_HEADER = "PrismSmash/PrismSmash-Prefix.pch";
				INFOPLIST_FILE = "PrismSmash/PrismSmash-Info.plist";
				PRODUCT_NAME = "$(TARGET_NAME)";
				SPRITEKIT_TEXTURE_ATLAS_OUTPUT = YES;
				WRAPPER_EXTENSION = app;
			};
			name = Debug;
		};
		C53EFFF017CD438A00D6F119 /* Release */ = {
			isa = XCBuildConfiguration;
			buildSettings = {
				ASSETCATALOG_COMPILER_APPICON_NAME = AppIcon;
				ASSETCATALOG_COMPILER_LAUNCHIMAGE_NAME = LaunchImage;
				GCC_PRECOMPILE_PREFIX_HEADER = YES;
				GCC_PREFIX_HEADER = "PrismSmash/PrismSmash-Prefix.pch";
				INFOPLIST_FILE = "PrismSmash/PrismSmash-Info.plist";
				PRODUCT_NAME = "$(TARGET_NAME)";
				SPRITEKIT_TEXTURE_ATLAS_OUTPUT = YES;
				WRAPPER_EXTENSION = app;
			};
			name = Release;
		};
		C53EFFF217CD438A00D6F119 /* Debug */ = {
			isa = XCBuildConfiguration;
			buildSettings = {
				BUNDLE_LOADER = "$(BUILT_PRODUCTS_DIR)/PrismSmash.app/PrismSmash";
				FRAMEWORK_SEARCH_PATHS = (
					"$(SDKROOT)/Developer/Library/Frameworks",
					"$(inherited)",
					"$(DEVELOPER_FRAMEWORKS_DIR)",
				);
				GCC_PRECOMPILE_PREFIX_HEADER = YES;
				GCC_PREFIX_HEADER = "PrismSmash/PrismSmash-Prefix.pch";
				GCC_PREPROCESSOR_DEFINITIONS = (
					"DEBUG=1",
					"$(inherited)",
				);
				INFOPLIST_FILE = "PrismSmashTests/PrismSmashTests-Info.plist";
				PRODUCT_NAME = "$(TARGET_NAME)";
				TEST_HOST = "$(BUNDLE_LOADER)";
				WRAPPER_EXTENSION = xctest;
			};
			name = Debug;
		};
		C53EFFF317CD438A00D6F119 /* Release */ = {
			isa = XCBuildConfiguration;
			buildSettings = {
				BUNDLE_LOADER = "$(BUILT_PRODUCTS_DIR)/PrismSmash.app/PrismSmash";
				FRAMEWORK_SEARCH_PATHS = (
					"$(SDKROOT)/Developer/Library/Frameworks",
					"$(inherited)",
					"$(DEVELOPER_FRAMEWORKS_DIR)",
				);
				GCC_PRECOMPILE_PREFIX_HEADER = YES;
				GCC_PREFIX_HEADER = "PrismSmash/PrismSmash-Prefix.pch";
				INFOPLIST_FILE = "PrismSmashTests/PrismSmashTests-Info.plist";
				PRODUCT_NAME = "$(TARGET_NAME)";
				TEST_HOST = "$(BUNDLE_LOADER)";
				WRAPPER_EXTENSION = xctest;
			};
			name = Release;
		};
/* End XCBuildConfiguration section */

/* Begin XCConfigurationList section */
		C53EFFB017CD438900D6F119 /* Build configuration list for PBXProject "PrismSmash" */ = {
			isa = XCConfigurationList;
			buildConfigurations = (
				C53EFFEC17CD438A00D6F119 /* Debug */,
				C53EFFED17CD438A00D6F119 /* Release */,
			);
			defaultConfigurationIsVisible = 0;
			defaultConfigurationName = Release;
		};
		C53EFFEE17CD438A00D6F119 /* Build configuration list for PBXNativeTarget "PrismSmash" */ = {
			isa = XCConfigurationList;
			buildConfigurations = (
				C53EFFEF17CD438A00D6F119 /* Debug */,
				C53EFFF017CD438A00D6F119 /* Release */,
			);
			defaultConfigurationIsVisible = 0;
			defaultConfigurationName = Release;
		};
		C53EFFF117CD438A00D6F119 /* Build configuration list for PBXNativeTarget "PrismSmashTests" */ = {
			isa = XCConfigurationList;
			buildConfigurations = (
				C53EFFF217CD438A00D6F119 /* Debug */,
				C53EFFF317CD438A00D6F119 /* Release */,
			);
			defaultConfigurationIsVisible = 0;
			defaultConfigurationName = Release;
		};
/* End XCConfigurationList section */
	};
	rootObject = C53EFFAD17CD438900D6F119 /* Project object */;
}
